# THIS IS AN AUTOGENERATED FILE. DO NOT EDIT THIS FILE DIRECTLY.
# yarn lockfile v1


nanoid@^3.3.4:
  version "3.3.4"
  resolved "https://registry.yarnpkg.com/nanoid/-/nanoid-3.3.4.tgz#730b67e3cd09e2deacf03c027c81c9d9dbc5e8ab"
  integrity sha512-MqBkQh/OHTS2egovRtLk45wEyNXwF+cokD+1YPf9u5VfJiRdAiRwB2froX5Co9Rh20xs4siNPm8naNotSD6RBw==

picocolors@^1.0.0:
  version "1.0.0"
  resolved "https://registry.yarnpkg.com/picocolors/-/picocolors-1.0.0.tgz#cb5bdc74ff3f51892236eaf79d68bc44564ab81c"
  integrity sha512-1fygroTLlHu66zi26VoTDv8yRgm0Fccecssto+MhsZ0D/DGW2sm8E8AjW7NU5VVTRt5GxbeZ5qBuJr+HyLYkjQ==

postcss-less@^6.0.0:
  version "6.0.0"
  resolved "https://registry.yarnpkg.com/postcss-less/-/postcss-less-6.0.0.tgz#463b34c60f53b648c237f569aeb2e09149d85af4"
  integrity sha512-FPX16mQLyEjLzEuuJtxA8X3ejDLNGGEG503d2YGZR5Ask1SpDN8KmZUMpzCvyalWRywAn1n1VOA5dcqfCLo5rg==

postcss-sorting@^7.0.1:
  version "7.0.1"
  resolved "https://registry.yarnpkg.com/postcss-sorting/-/postcss-sorting-7.0.1.tgz#923b5268451cf2d93ebf8835e17a6537757049a5"
  integrity sha512-iLBFYz6VRYyLJEJsBJ8M3TCqNcckVzz4wFounSc5Oez35ogE/X+aoC5fFu103Ot7NyvjU3/xqIXn93Gp3kJk4g==

postcss@^8.3.11:
  version "8.4.14"
  resolved "https://registry.yarnpkg.com/postcss/-/postcss-8.4.14.tgz#ee9274d5622b4858c1007a74d76e42e56fd21caf"
  integrity sha512-E398TUmfAYFPBSdzgeieK2Y1+1cpdxJx8yXbK/m57nRhKSmk1GB2tO4lbLBtlkfPQTDKfe4Xqv1ASWPpayPEig==
  dependencies:
    nanoid "^3.3.4"
    picocolors "^1.0.0"
    source-map-js "^1.0.2"

source-map-js@^1.0.2:
  version "1.0.2"
  resolved "https://registry.yarnpkg.com/source-map-js/-/source-map-js-1.0.2.tgz#adbc361d9c62df380125e7f161f71c826f1e490c"
  integrity sha512-R0XvVJ9WusLiqTCEiGCmICCMplcCkIwwR11mOSD9CR5u+IXYdiseeEuXCVAjS54zqwkLcPNnmU4OeJ6tUrWhDw==

stylelint-config-recess-order@^3.0.0:
  version "3.0.0"
  resolved "https://registry.yarnpkg.com/stylelint-config-recess-order/-/stylelint-config-recess-order-3.0.0.tgz#f6f378179becd3e0842101cf652a30733aac25b1"
  integrity sha512-uNXrlDz570Q7HJlrq8mNjgfO/xlKIh2hKVKEFMTG1/ih/6tDLcTbuvO1Zoo2dnQay990OAkWLDpTDOorB+hmBw==
  dependencies:
    stylelint-order "5.x"

stylelint-config-recommended@^8.0.0:
  version "8.0.0"
  resolved "https://registry.yarnpkg.com/stylelint-config-recommended/-/stylelint-config-recommended-8.0.0.tgz#7736be9984246177f017c39ec7b1cd0f19ae9117"
  integrity sha512-IK6dWvE000+xBv9jbnHOnBq01gt6HGVB2ZTsot+QsMpe82doDQ9hvplxfv4YnpEuUwVGGd9y6nbaAnhrjcxhZQ==

stylelint-config-standard@^26.0.0:
  version "26.0.0"
  resolved "https://registry.yarnpkg.com/stylelint-config-standard/-/stylelint-config-standard-26.0.0.tgz#4701b8d582d34120eec7d260ba779e4c2d953635"
  integrity sha512-hUuB7LaaqM8abvkOO84wh5oYSkpXgTzHu2Zza6e7mY+aOmpNTjoFBRxSLlzY0uAOMWEFx0OMKzr+reG1BUtcqQ==
  dependencies:
    stylelint-config-recommended "^8.0.0"

stylelint-declaration-block-no-ignored-properties@^2.5.0:
  version "2.5.0"
  resolved "https://registry.yarnpkg.com/stylelint-declaration-block-no-ignored-properties/-/stylelint-declaration-block-no-ignored-properties-2.5.0.tgz#7cfe61c118ef5aa89f2bfdc2a78aa34bd2dacb87"
  integrity sha512-UNz5nUC5GMgMb6GPc/pHUTC0+ydxTdj2mUn7XcKRdwQoiUzzUmWWdSf1aFv2UzrW4x8JYNReE1u5JOj7g0ThJw==

stylelint-order@5.x:
  version "5.0.0"
  resolved "https://registry.yarnpkg.com/stylelint-order/-/stylelint-order-5.0.0.tgz#abd20f6b85ac640774cbe40e70d3fe9c6fdf4400"
  integrity sha512-OWQ7pmicXufDw5BlRqzdz3fkGKJPgLyDwD1rFY3AIEfIH/LQY38Vu/85v8/up0I+VPiuGRwbc2Hg3zLAsJaiyw==
  dependencies:
    postcss "^8.3.11"
    postcss-sorting "^7.0.1"
